
Microsoft Visual Studio Solution File, Format Version 12.00
# Visual Studio Version 16
VisualStudioVersion = 16.0.29326.143
MinimumVisualStudioVersion = 10.0.40219.1
Project("{FAE04EC0-301F-11D3-BF4B-00C04F79EFBC}") = "Morkovka", "Morkovka\Morkovka.csproj", "{79D73BA5-3BC5-4739-B64C-DF986DBE24CD}"
EndProject
Global
	GlobalSection(SolutionConfigurationPlatforms) = preSolution
		Debug|Any CPU = Debug|Any CPU
		Release|Any CPU = Release|Any CPU
	EndGlobalSection
	GlobalSection(ProjectConfigurationPlatforms) = postSolution
		{79D73BA5-3BC5-4739-B64C-DF986DBE24CD}.Debug|Any CPU.ActiveCfg = Debug|Any CPU
		{79D73BA5-3BC5-4739-B64C-DF986DBE24CD}.Debug|Any CPU.Build.0 = Debug|Any CPU
		{79D73BA5-3BC5-4739-B64C-DF986DBE24CD}.Release|Any CPU.ActiveCfg = Release|Any CPU
		{79D73BA5-3BC5-4739-B64C-DF986DBE24CD}.Release|Any CPU.Build.0 = Release|Any CPU
	EndGlobalSection
	GlobalSection(SolutionProperties) = preSolution
		HideSolutionNode = FALSE
	EndGlobalSection
	GlobalSection(ExtensibilityGlobals) = postSolution
		SolutionGuid = {0FBBA777-0052-4DE6-89E0-52D901E6FF2C}
	EndGlobalSection
EndGlobal
